
Microsoft Visual Studio Solution File, Format Version 12.00
# Visual Studio Version 16
VisualStudioVersion = 16.0.30011.22
MinimumVisualStudioVersion = 10.0.40219.1
Project("{FAE04EC0-301F-11D3-BF4B-00C04F79EFBC}") = "GamesZone.Android", "GamesZone\GamesZone.Android\GamesZone.Android.csproj", "{E896D10E-0A08-47BB-9EBE-85BAAA03C29E}"
EndProject
Project("{FAE04EC0-301F-11D3-BF4B-00C04F79EFBC}") = "GamesZone.iOS", "GamesZone\GamesZone.iOS\GamesZone.iOS.csproj", "{ED94444A-6CDB-4CF2-AF34-D0A450346F4C}"
EndProject
Project("{FAE04EC0-301F-11D3-BF4B-00C04F79EFBC}") = "GamesZone", "GamesZone\GamesZone\GamesZone.csproj", "{5E6B05A6-2C06-42EC-83A8-CAEA5B194440}"
EndProject
Global
	GlobalSection(SolutionConfigurationPlatforms) = preSolution
		Debug|Any CPU = Debug|Any CPU
		Debug|iPhone = Debug|iPhone
		Debug|iPhoneSimulator = Debug|iPhoneSimulator
		Release|Any CPU = Release|Any CPU
		Release|iPhone = Release|iPhone
		Release|iPhoneSimulator = Release|iPhoneSimulator
	EndGlobalSection
	GlobalSection(ProjectConfigurationPlatforms) = postSolution
		{E896D10E-0A08-47BB-9EBE-85BAAA03C29E}.Debug|Any CPU.ActiveCfg = Debug|Any CPU
		{E896D10E-0A08-47BB-9EBE-85BAAA03C29E}.Debug|Any CPU.Build.0 = Debug|Any CPU
		{E896D10E-0A08-47BB-9EBE-85BAAA03C29E}.Debug|Any CPU.Deploy.0 = Debug|Any CPU
		{E896D10E-0A08-47BB-9EBE-85BAAA03C29E}.Debug|iPhone.ActiveCfg = Debug|Any CPU
		{E896D10E-0A08-47BB-9EBE-85BAAA03C29E}.Debug|iPhone.Build.0 = Debug|Any CPU
		{E896D10E-0A08-47BB-9EBE-85BAAA03C29E}.Debug|iPhone.Deploy.0 = Debug|Any CPU
		{E896D10E-0A08-47BB-9EBE-85BAAA03C29E}.Debug|iPhoneSimulator.ActiveCfg = Debug|Any CPU
		{E896D10E-0A08-47BB-9EBE-85BAAA03C29E}.Debug|iPhoneSimulator.Build.0 = Debug|Any CPU
		{E896D10E-0A08-47BB-9EBE-85BAAA03C29E}.Debug|iPhoneSimulator.Deploy.0 = Debug|Any CPU
		{E896D10E-0A08-47BB-9EBE-85BAAA03C29E}.Release|Any CPU.ActiveCfg = Release|Any CPU
		{E896D10E-0A08-47BB-9EBE-85BAAA03C29E}.Release|Any CPU.Build.0 = Release|Any CPU
		{E896D10E-0A08-47BB-9EBE-85BAAA03C29E}.Release|Any CPU.Deploy.0 = Release|Any CPU
		{E896D10E-0A08-47BB-9EBE-85BAAA03C29E}.Release|iPhone.ActiveCfg = Release|Any CPU
		{E896D10E-0A08-47BB-9EBE-85BAAA03C29E}.Release|iPhone.Build.0 = Release|Any CPU
		{E896D10E-0A08-47BB-9EBE-85BAAA03C29E}.Release|iPhone.Deploy.0 = Release|Any CPU
		{E896D10E-0A08-47BB-9EBE-85BAAA03C29E}.Release|iPhoneSimulator.ActiveCfg = Release|Any CPU
		{E896D10E-0A08-47BB-9EBE-85BAAA03C29E}.Release|iPhoneSimulator.Build.0 = Release|Any CPU
		{E896D10E-0A08-47BB-9EBE-85BAAA03C29E}.Release|iPhoneSimulator.Deploy.0 = Release|Any CPU
		{ED94444A-6CDB-4CF2-AF34-D0A450346F4C}.Debug|Any CPU.ActiveCfg = Debug|iPhone
		{ED94444A-6CDB-4CF2-AF34-D0A450346F4C}.Debug|Any CPU.Build.0 = Debug|iPhone
		{ED94444A-6CDB-4CF2-AF34-D0A450346F4C}.Debug|Any CPU.Deploy.0 = Debug|iPhone
		{ED94444A-6CDB-4CF2-AF34-D0A450346F4C}.Debug|iPhone.ActiveCfg = Debug|iPhone
		{ED94444A-6CDB-4CF2-AF34-D0A450346F4C}.Debug|iPhone.Build.0 = Debug|iPhone
		{ED94444A-6CDB-4CF2-AF34-D0A450346F4C}.Debug|iPhone.Deploy.0 = Debug|iPhone
		{ED94444A-6CDB-4CF2-AF34-D0A450346F4C}.Debug|iPhoneSimulator.ActiveCfg = Debug|iPhoneSimulator
		{ED94444A-6CDB-4CF2-AF34-D0A450346F4C}.Debug|iPhoneSimulator.Build.0 = Debug|iPhoneSimulator
		{ED94444A-6CDB-4CF2-AF34-D0A450346F4C}.Debug|iPhoneSimulator.Deploy.0 = Debug|iPhoneSimulator
		{ED94444A-6CDB-4CF2-AF34-D0A450346F4C}.Release|Any CPU.ActiveCfg = Release|iPhone
		{ED94444A-6CDB-4CF2-AF34-D0A450346F4C}.Release|Any CPU.Build.0 = Release|iPhone
		{ED94444A-6CDB-4CF2-AF34-D0A450346F4C}.Release|Any CPU.Deploy.0 = Release|iPhone
		{ED94444A-6CDB-4CF2-AF34-D0A450346F4C}.Release|iPhone.ActiveCfg = Release|iPhone
		{ED94444A-6CDB-4CF2-AF34-D0A450346F4C}.Release|iPhone.Build.0 = Release|iPhone
		{ED94444A-6CDB-4CF2-AF34-D0A450346F4C}.Release|iPhone.Deploy.0 = Release|iPhone
		{ED94444A-6CDB-4CF2-AF34-D0A450346F4C}.Release|iPhoneSimulator.ActiveCfg = Release|iPhoneSimulator
		{ED94444A-6CDB-4CF2-AF34-D0A450346F4C}.Release|iPhoneSimulator.Build.0 = Release|iPhoneSimulator
		{ED94444A-6CDB-4CF2-AF34-D0A450346F4C}.Release|iPhoneSimulator.Deploy.0 = Release|iPhoneSimulator
		{5E6B05A6-2C06-42EC-83A8-CAEA5B194440}.Debug|Any CPU.ActiveCfg = Debug|Any CPU
		{5E6B05A6-2C06-42EC-83A8-CAEA5B194440}.Debug|Any CPU.Build.0 = Debug|Any CPU
		{5E6B05A6-2C06-42EC-83A8-CAEA5B194440}.Debug|Any CPU.Deploy.0 = Debug|Any CPU
		{5E6B05A6-2C06-42EC-83A8-CAEA5B194440}.Debug|iPhone.ActiveCfg = Debug|Any CPU
		{5E6B05A6-2C06-42EC-83A8-CAEA5B194440}.Debug|iPhone.Build.0 = Debug|Any CPU
		{5E6B05A6-2C06-42EC-83A8-CAEA5B194440}.Debug|iPhone.Deploy.0 = Debug|Any CPU
		{5E6B05A6-2C06-42EC-83A8-CAEA5B194440}.Debug|iPhoneSimulator.ActiveCfg = Debug|Any CPU
		{5E6B05A6-2C06-42EC-83A8-CAEA5B194440}.Debug|iPhoneSimulator.Build.0 = Debug|Any CPU
		{5E6B05A6-2C06-42EC-83A8-CAEA5B194440}.Debug|iPhoneSimulator.Deploy.0 = Debug|Any CPU
		{5E6B05A6-2C06-42EC-83A8-CAEA5B194440}.Release|Any CPU.ActiveCfg = Release|Any CPU
		{5E6B05A6-2C06-42EC-83A8-CAEA5B194440}.Release|Any CPU.Build.0 = Release|Any CPU
		{5E6B05A6-2C06-42EC-83A8-CAEA5B194440}.Release|Any CPU.Deploy.0 = Release|Any CPU
		{5E6B05A6-2C06-42EC-83A8-CAEA5B194440}.Release|iPhone.ActiveCfg = Release|Any CPU
		{5E6B05A6-2C06-42EC-83A8-CAEA5B194440}.Release|iPhone.Build.0 = Release|Any CPU
		{5E6B05A6-2C06-42EC-83A8-CAEA5B194440}.Release|iPhone.Deploy.0 = Release|Any CPU
		{5E6B05A6-2C06-42EC-83A8-CAEA5B194440}.Release|iPhoneSimulator.ActiveCfg = Release|Any CPU
		{5E6B05A6-2C06-42EC-83A8-CAEA5B194440}.Release|iPhoneSimulator.Build.0 = Release|Any CPU
		{5E6B05A6-2C06-42EC-83A8-CAEA5B194440}.Release|iPhoneSimulator.Deploy.0 = Release|Any CPU
	EndGlobalSection
	GlobalSection(SolutionProperties) = preSolution
		HideSolutionNode = FALSE
	EndGlobalSection
	GlobalSection(ExtensibilityGlobals) = postSolution
		SolutionGuid = {CEC84604-1CDF-4AAB-B7D1-DCED7ABA9583}
	EndGlobalSection
EndGlobal
